
Microsoft Visual Studio Solution File, Format Version 12.00
# Visual Studio Version 16
VisualStudioVersion = 16.0.29306.81
MinimumVisualStudioVersion = 10.0.40219.1
Project("{FAE04EC0-301F-11D3-BF4B-00C04F79EFBC}") = "NLogViewer", "NLogViewer\NLogViewer.csproj", "{406F0C0A-5B82-4B75-9AAF-144CA518D1B3}"
EndProject
Global
	GlobalSection(SolutionConfigurationPlatforms) = preSolution
		Debug|Any CPU = Debug|Any CPU
		Release|Any CPU = Release|Any CPU
	EndGlobalSection
	GlobalSection(ProjectConfigurationPlatforms) = postSolution
		{406F0C0A-5B82-4B75-9AAF-144CA518D1B3}.Debug|Any CPU.ActiveCfg = Debug|Any CPU
		{406F0C0A-5B82-4B75-9AAF-144CA518D1B3}.Debug|Any CPU.Build.0 = Debug|Any CPU
		{406F0C0A-5B82-4B75-9AAF-144CA518D1B3}.Release|Any CPU.ActiveCfg = Release|Any CPU
		{406F0C0A-5B82-4B75-9AAF-144CA518D1B3}.Release|Any CPU.Build.0 = Release|Any CPU
	EndGlobalSection
	GlobalSection(SolutionProperties) = preSolution
		HideSolutionNode = FALSE
	EndGlobalSection
	GlobalSection(ExtensibilityGlobals) = postSolution
		SolutionGuid = {49CC5655-C6A1-4E76-8FA3-B812E43375AC}
	EndGlobalSection
EndGlobal
